
Microsoft Visual Studio Solution File, Format Version 12.00
# Visual Studio Version 16
VisualStudioVersion = 16.0.31205.134
MinimumVisualStudioVersion = 10.0.40219.1
Project("{9A19103F-16F7-4668-BE54-9A1E7A4F7556}") = "WeatherMapper.Web", "WeatherMapper.Web\WeatherMapper.Web.csproj", "{817CEBD7-A143-486F-8021-25713A806472}"
EndProject
Project("{FAE04EC0-301F-11D3-BF4B-00C04F79EFBC}") = "WeatherMapper.Tests", "WeatherMapper.Tests\WeatherMapper.Tests.csproj", "{DCE89B30-0108-475E-A11E-1227CE9C5FE6}"
EndProject
Global
	GlobalSection(SolutionConfigurationPlatforms) = preSolution
		Debug|Any CPU = Debug|Any CPU
		Release|Any CPU = Release|Any CPU
	EndGlobalSection
	GlobalSection(ProjectConfigurationPlatforms) = postSolution
		{817CEBD7-A143-486F-8021-25713A806472}.Debug|Any CPU.ActiveCfg = Debug|Any CPU
		{817CEBD7-A143-486F-8021-25713A806472}.Debug|Any CPU.Build.0 = Debug|Any CPU
		{817CEBD7-A143-486F-8021-25713A806472}.Release|Any CPU.ActiveCfg = Release|Any CPU
		{817CEBD7-A143-486F-8021-25713A806472}.Release|Any CPU.Build.0 = Release|Any CPU
		{DCE89B30-0108-475E-A11E-1227CE9C5FE6}.Debug|Any CPU.ActiveCfg = Debug|Any CPU
		{DCE89B30-0108-475E-A11E-1227CE9C5FE6}.Debug|Any CPU.Build.0 = Debug|Any CPU
		{DCE89B30-0108-475E-A11E-1227CE9C5FE6}.Release|Any CPU.ActiveCfg = Release|Any CPU
		{DCE89B30-0108-475E-A11E-1227CE9C5FE6}.Release|Any CPU.Build.0 = Release|Any CPU
	EndGlobalSection
	GlobalSection(SolutionProperties) = preSolution
		HideSolutionNode = FALSE
	EndGlobalSection
	GlobalSection(ExtensibilityGlobals) = postSolution
		SolutionGuid = {48211F1D-EFB0-4CDE-8B9D-04CBCD768F32}
	EndGlobalSection
EndGlobal
